
Microsoft Visual Studio Solution File, Format Version 12.00
# Visual Studio Version 16
VisualStudioVersion = 16.0.29509.3
MinimumVisualStudioVersion = 10.0.40219.1
Project("{FAE04EC0-301F-11D3-BF4B-00C04F79EFBC}") = "Pong", "Pong.csproj", "{2F789A82-2D7F-4792-97E1-A9628F735999}"
EndProject
Global
	GlobalSection(SolutionConfigurationPlatforms) = preSolution
		Debug|Any CPU = Debug|Any CPU
		Release|Any CPU = Release|Any CPU
	EndGlobalSection
	GlobalSection(ProjectConfigurationPlatforms) = postSolution
		{2F789A82-2D7F-4792-97E1-A9628F735999}.Debug|Any CPU.ActiveCfg = Debug|Any CPU
		{2F789A82-2D7F-4792-97E1-A9628F735999}.Debug|Any CPU.Build.0 = Debug|Any CPU
		{2F789A82-2D7F-4792-97E1-A9628F735999}.Release|Any CPU.ActiveCfg = Release|Any CPU
		{2F789A82-2D7F-4792-97E1-A9628F735999}.Release|Any CPU.Build.0 = Release|Any CPU
	EndGlobalSection
	GlobalSection(SolutionProperties) = preSolution
		HideSolutionNode = FALSE
	EndGlobalSection
	GlobalSection(ExtensibilityGlobals) = postSolution
		SolutionGuid = {315FF3A0-1819-4AB6-AABA-BA8C45B7F788}
	EndGlobalSection
EndGlobal
